
Microsoft Visual Studio Solution File, Format Version 12.00
# Visual Studio 2013
VisualStudioVersion = 12.0.31101.0
MinimumVisualStudioVersion = 10.0.40219.1
Project("{FAE04EC0-301F-11D3-BF4B-00C04F79EFBC}") = "Genocs.JBT.Web.Api", "Genocs.JBT.Web.Api\Genocs.JBT.Web.Api.csproj", "{BA252246-640E-4F10-8A43-6EA4F476D1B6}"
EndProject
Project("{FAE04EC0-301F-11D3-BF4B-00C04F79EFBC}") = "Genocs.JBT.Web.UI", "Genocs.JBT.Web.UI\Genocs.JBT.Web.UI.csproj", "{62561DEC-65CE-4032-9039-DCD5F030CBC7}"
EndProject
Global
	GlobalSection(SolutionConfigurationPlatforms) = preSolution
		Debug|Any CPU = Debug|Any CPU
		Release|Any CPU = Release|Any CPU
	EndGlobalSection
	GlobalSection(ProjectConfigurationPlatforms) = postSolution
		{BA252246-640E-4F10-8A43-6EA4F476D1B6}.Debug|Any CPU.ActiveCfg = Debug|Any CPU
		{BA252246-640E-4F10-8A43-6EA4F476D1B6}.Debug|Any CPU.Build.0 = Debug|Any CPU
		{BA252246-640E-4F10-8A43-6EA4F476D1B6}.Release|Any CPU.ActiveCfg = Release|Any CPU
		{BA252246-640E-4F10-8A43-6EA4F476D1B6}.Release|Any CPU.Build.0 = Release|Any CPU
		{62561DEC-65CE-4032-9039-DCD5F030CBC7}.Debug|Any CPU.ActiveCfg = Debug|Any CPU
		{62561DEC-65CE-4032-9039-DCD5F030CBC7}.Debug|Any CPU.Build.0 = Debug|Any CPU
		{62561DEC-65CE-4032-9039-DCD5F030CBC7}.Release|Any CPU.ActiveCfg = Release|Any CPU
		{62561DEC-65CE-4032-9039-DCD5F030CBC7}.Release|Any CPU.Build.0 = Release|Any CPU
	EndGlobalSection
	GlobalSection(SolutionProperties) = preSolution
		HideSolutionNode = FALSE
	EndGlobalSection
EndGlobal
